
Microsoft Visual Studio Solution File, Format Version 12.00
# Visual Studio Version 16
VisualStudioVersion = 16.0.31729.503
MinimumVisualStudioVersion = 10.0.40219.1
Project("{FAE04EC0-301F-11D3-BF4B-00C04F79EFBC}") = "02UnderstandingTypes", "02UnderstandingTypes.csproj", "{98469E12-E57D-4CD4-AD57-78FB44B7E85E}"
EndProject
Global
	GlobalSection(SolutionConfigurationPlatforms) = preSolution
		Debug|Any CPU = Debug|Any CPU
		Release|Any CPU = Release|Any CPU
	EndGlobalSection
	GlobalSection(ProjectConfigurationPlatforms) = postSolution
		{98469E12-E57D-4CD4-AD57-78FB44B7E85E}.Debug|Any CPU.ActiveCfg = Debug|Any CPU
		{98469E12-E57D-4CD4-AD57-78FB44B7E85E}.Debug|Any CPU.Build.0 = Debug|Any CPU
		{98469E12-E57D-4CD4-AD57-78FB44B7E85E}.Release|Any CPU.ActiveCfg = Release|Any CPU
		{98469E12-E57D-4CD4-AD57-78FB44B7E85E}.Release|Any CPU.Build.0 = Release|Any CPU
	EndGlobalSection
	GlobalSection(SolutionProperties) = preSolution
		HideSolutionNode = FALSE
	EndGlobalSection
	GlobalSection(ExtensibilityGlobals) = postSolution
		SolutionGuid = {A3A9DE3D-DC91-4D1B-AB18-F5361D46A159}
	EndGlobalSection
EndGlobal
